
Microsoft Visual Studio Solution File, Format Version 12.00
# Visual Studio 14
VisualStudioVersion = 14.0.25123.0
MinimumVisualStudioVersion = 10.0.40219.1
Project("{AB24DD1E-0A64-430A-8B06-FF18BEFC47DD}") = "Sitecore.Support.11413.13427", "Sitecore.Support.11413.13427\Sitecore.Support.11413.13427.csproj", "{62B530E4-2677-4E5C-8B21-581FE1F2BCD6}"
EndProject
Global
	GlobalSection(SolutionConfigurationPlatforms) = preSolution
		Debug|Any CPU = Debug|Any CPU
		Release|Any CPU = Release|Any CPU
	EndGlobalSection
	GlobalSection(ProjectConfigurationPlatforms) = postSolution
		{62B530E4-2677-4E5C-8B21-581FE1F2BCD6}.Debug|Any CPU.ActiveCfg = Debug|Any CPU
		{62B530E4-2677-4E5C-8B21-581FE1F2BCD6}.Debug|Any CPU.Build.0 = Debug|Any CPU
		{62B530E4-2677-4E5C-8B21-581FE1F2BCD6}.Release|Any CPU.ActiveCfg = Release|Any CPU
		{62B530E4-2677-4E5C-8B21-581FE1F2BCD6}.Release|Any CPU.Build.0 = Release|Any CPU
	EndGlobalSection
	GlobalSection(SolutionProperties) = preSolution
		HideSolutionNode = FALSE
	EndGlobalSection
EndGlobal
